
Microsoft Visual Studio Solution File, Format Version 12.00
# Visual Studio Version 16
VisualStudioVersion = 16.0.29230.61
MinimumVisualStudioVersion = 10.0.40219.1
Project("{FAE04EC0-301F-11D3-BF4B-00C04F79EFBC}") = "Recipes.Android", "Recipes.Android\Recipes.Android.csproj", "{B3EA34D9-1EC0-4A19-AF10-C7DB58A0D430}"
EndProject
Project("{FAE04EC0-301F-11D3-BF4B-00C04F79EFBC}") = "Recipes", "Recipes\Recipes.csproj", "{0BC14E65-08E2-4AA3-A592-E0428EE959D7}"
EndProject
Global
	GlobalSection(SolutionConfigurationPlatforms) = preSolution
		Debug|Any CPU = Debug|Any CPU
		Release|Any CPU = Release|Any CPU
	EndGlobalSection
	GlobalSection(ProjectConfigurationPlatforms) = postSolution
		{B3EA34D9-1EC0-4A19-AF10-C7DB58A0D430}.Debug|Any CPU.ActiveCfg = Debug|Any CPU
		{B3EA34D9-1EC0-4A19-AF10-C7DB58A0D430}.Debug|Any CPU.Build.0 = Debug|Any CPU
		{B3EA34D9-1EC0-4A19-AF10-C7DB58A0D430}.Debug|Any CPU.Deploy.0 = Debug|Any CPU
		{B3EA34D9-1EC0-4A19-AF10-C7DB58A0D430}.Release|Any CPU.ActiveCfg = Release|Any CPU
		{B3EA34D9-1EC0-4A19-AF10-C7DB58A0D430}.Release|Any CPU.Build.0 = Release|Any CPU
		{B3EA34D9-1EC0-4A19-AF10-C7DB58A0D430}.Release|Any CPU.Deploy.0 = Release|Any CPU
		{0BC14E65-08E2-4AA3-A592-E0428EE959D7}.Debug|Any CPU.ActiveCfg = Debug|Any CPU
		{0BC14E65-08E2-4AA3-A592-E0428EE959D7}.Debug|Any CPU.Build.0 = Debug|Any CPU
		{0BC14E65-08E2-4AA3-A592-E0428EE959D7}.Debug|Any CPU.Deploy.0 = Debug|Any CPU
		{0BC14E65-08E2-4AA3-A592-E0428EE959D7}.Release|Any CPU.ActiveCfg = Release|Any CPU
		{0BC14E65-08E2-4AA3-A592-E0428EE959D7}.Release|Any CPU.Build.0 = Release|Any CPU
		{0BC14E65-08E2-4AA3-A592-E0428EE959D7}.Release|Any CPU.Deploy.0 = Release|Any CPU
	EndGlobalSection
	GlobalSection(SolutionProperties) = preSolution
		HideSolutionNode = FALSE
	EndGlobalSection
	GlobalSection(ExtensibilityGlobals) = postSolution
		SolutionGuid = {FBB2C80A-935E-4DD4-82D1-942993059980}
	EndGlobalSection
EndGlobal
